
Microsoft Visual Studio Solution File, Format Version 12.00
# Visual Studio 15
VisualStudioVersion = 15.0.27703.2042
MinimumVisualStudioVersion = 10.0.40219.1
Project("{8BC9CEB8-8B4A-11D0-8D11-00A0C91BC942}") = "Exp_52", "Exp_52\Exp_52.vcxproj", "{AA1E5C29-799A-4300-B77B-C56EFE3F1DCD}"
EndProject
Global
	GlobalSection(SolutionConfigurationPlatforms) = preSolution
		Debug|x64 = Debug|x64
		Debug|x86 = Debug|x86
		Release|x64 = Release|x64
		Release|x86 = Release|x86
	EndGlobalSection
	GlobalSection(ProjectConfigurationPlatforms) = postSolution
		{AA1E5C29-799A-4300-B77B-C56EFE3F1DCD}.Debug|x64.ActiveCfg = Debug|x64
		{AA1E5C29-799A-4300-B77B-C56EFE3F1DCD}.Debug|x64.Build.0 = Debug|x64
		{AA1E5C29-799A-4300-B77B-C56EFE3F1DCD}.Debug|x86.ActiveCfg = Debug|Win32
		{AA1E5C29-799A-4300-B77B-C56EFE3F1DCD}.Debug|x86.Build.0 = Debug|Win32
		{AA1E5C29-799A-4300-B77B-C56EFE3F1DCD}.Release|x64.ActiveCfg = Release|x64
		{AA1E5C29-799A-4300-B77B-C56EFE3F1DCD}.Release|x64.Build.0 = Release|x64
		{AA1E5C29-799A-4300-B77B-C56EFE3F1DCD}.Release|x86.ActiveCfg = Release|Win32
		{AA1E5C29-799A-4300-B77B-C56EFE3F1DCD}.Release|x86.Build.0 = Release|Win32
	EndGlobalSection
	GlobalSection(SolutionProperties) = preSolution
		HideSolutionNode = FALSE
	EndGlobalSection
	GlobalSection(ExtensibilityGlobals) = postSolution
		SolutionGuid = {1AACFDB1-6B16-49B9-AD60-DEAA3396029E}
	EndGlobalSection
EndGlobal
