
Microsoft Visual Studio Solution File, Format Version 12.00
# Visual Studio 15
VisualStudioVersion = 15.0.27703.2042
MinimumVisualStudioVersion = 10.0.40219.1
Project("{8BC9CEB8-8B4A-11D0-8D11-00A0C91BC942}") = "Exp_51", "Exp_51\Exp_51.vcxproj", "{B22164A4-F391-4855-BC81-0A57DA610FCE}"
EndProject
Global
	GlobalSection(SolutionConfigurationPlatforms) = preSolution
		Debug|x64 = Debug|x64
		Debug|x86 = Debug|x86
		Release|x64 = Release|x64
		Release|x86 = Release|x86
	EndGlobalSection
	GlobalSection(ProjectConfigurationPlatforms) = postSolution
		{B22164A4-F391-4855-BC81-0A57DA610FCE}.Debug|x64.ActiveCfg = Debug|x64
		{B22164A4-F391-4855-BC81-0A57DA610FCE}.Debug|x64.Build.0 = Debug|x64
		{B22164A4-F391-4855-BC81-0A57DA610FCE}.Debug|x86.ActiveCfg = Debug|Win32
		{B22164A4-F391-4855-BC81-0A57DA610FCE}.Debug|x86.Build.0 = Debug|Win32
		{B22164A4-F391-4855-BC81-0A57DA610FCE}.Release|x64.ActiveCfg = Release|x64
		{B22164A4-F391-4855-BC81-0A57DA610FCE}.Release|x64.Build.0 = Release|x64
		{B22164A4-F391-4855-BC81-0A57DA610FCE}.Release|x86.ActiveCfg = Release|Win32
		{B22164A4-F391-4855-BC81-0A57DA610FCE}.Release|x86.Build.0 = Release|Win32
	EndGlobalSection
	GlobalSection(SolutionProperties) = preSolution
		HideSolutionNode = FALSE
	EndGlobalSection
	GlobalSection(ExtensibilityGlobals) = postSolution
		SolutionGuid = {CE7A4464-27A7-48E2-9079-309D1323097B}
	EndGlobalSection
EndGlobal
