
Microsoft Visual Studio Solution File, Format Version 12.00
# Visual Studio 15
VisualStudioVersion = 15.0.27703.2042
MinimumVisualStudioVersion = 10.0.40219.1
Project("{8BC9CEB8-8B4A-11D0-8D11-00A0C91BC942}") = "Exp_35", "Exp_35\Exp_35.vcxproj", "{331EEC84-C5DB-43EA-A57B-F0CB78898851}"
EndProject
Global
	GlobalSection(SolutionConfigurationPlatforms) = preSolution
		Debug|x64 = Debug|x64
		Debug|x86 = Debug|x86
		Release|x64 = Release|x64
		Release|x86 = Release|x86
	EndGlobalSection
	GlobalSection(ProjectConfigurationPlatforms) = postSolution
		{331EEC84-C5DB-43EA-A57B-F0CB78898851}.Debug|x64.ActiveCfg = Debug|x64
		{331EEC84-C5DB-43EA-A57B-F0CB78898851}.Debug|x64.Build.0 = Debug|x64
		{331EEC84-C5DB-43EA-A57B-F0CB78898851}.Debug|x86.ActiveCfg = Debug|Win32
		{331EEC84-C5DB-43EA-A57B-F0CB78898851}.Debug|x86.Build.0 = Debug|Win32
		{331EEC84-C5DB-43EA-A57B-F0CB78898851}.Release|x64.ActiveCfg = Release|x64
		{331EEC84-C5DB-43EA-A57B-F0CB78898851}.Release|x64.Build.0 = Release|x64
		{331EEC84-C5DB-43EA-A57B-F0CB78898851}.Release|x86.ActiveCfg = Release|Win32
		{331EEC84-C5DB-43EA-A57B-F0CB78898851}.Release|x86.Build.0 = Release|Win32
	EndGlobalSection
	GlobalSection(SolutionProperties) = preSolution
		HideSolutionNode = FALSE
	EndGlobalSection
	GlobalSection(ExtensibilityGlobals) = postSolution
		SolutionGuid = {9F68A614-7271-4C0E-9C8C-2A0DA61336E4}
	EndGlobalSection
EndGlobal
