
Microsoft Visual Studio Solution File, Format Version 12.00
# Visual Studio 15
VisualStudioVersion = 15.0.27703.2042
MinimumVisualStudioVersion = 10.0.40219.1
Project("{8BC9CEB8-8B4A-11D0-8D11-00A0C91BC942}") = "Exp_22", "Exp_22\Exp_22.vcxproj", "{A1E7A866-F663-4C2A-8511-69C65B9FB998}"
EndProject
Global
	GlobalSection(SolutionConfigurationPlatforms) = preSolution
		Debug|x64 = Debug|x64
		Debug|x86 = Debug|x86
		Release|x64 = Release|x64
		Release|x86 = Release|x86
	EndGlobalSection
	GlobalSection(ProjectConfigurationPlatforms) = postSolution
		{A1E7A866-F663-4C2A-8511-69C65B9FB998}.Debug|x64.ActiveCfg = Debug|x64
		{A1E7A866-F663-4C2A-8511-69C65B9FB998}.Debug|x64.Build.0 = Debug|x64
		{A1E7A866-F663-4C2A-8511-69C65B9FB998}.Debug|x86.ActiveCfg = Debug|Win32
		{A1E7A866-F663-4C2A-8511-69C65B9FB998}.Debug|x86.Build.0 = Debug|Win32
		{A1E7A866-F663-4C2A-8511-69C65B9FB998}.Release|x64.ActiveCfg = Release|x64
		{A1E7A866-F663-4C2A-8511-69C65B9FB998}.Release|x64.Build.0 = Release|x64
		{A1E7A866-F663-4C2A-8511-69C65B9FB998}.Release|x86.ActiveCfg = Release|Win32
		{A1E7A866-F663-4C2A-8511-69C65B9FB998}.Release|x86.Build.0 = Release|Win32
	EndGlobalSection
	GlobalSection(SolutionProperties) = preSolution
		HideSolutionNode = FALSE
	EndGlobalSection
	GlobalSection(ExtensibilityGlobals) = postSolution
		SolutionGuid = {4A1D9AE6-654F-4B03-A2C6-135F9EB6EFC1}
	EndGlobalSection
EndGlobal
