
Microsoft Visual Studio Solution File, Format Version 12.00
# Visual Studio 15
VisualStudioVersion = 15.0.27703.2042
MinimumVisualStudioVersion = 10.0.40219.1
Project("{8BC9CEB8-8B4A-11D0-8D11-00A0C91BC942}") = "Exp_01", "Exp_01\Exp_01.vcxproj", "{03A8BD10-3B2A-4A82-82A7-0A3069C85809}"
EndProject
Global
	GlobalSection(SolutionConfigurationPlatforms) = preSolution
		Debug|x64 = Debug|x64
		Debug|x86 = Debug|x86
		Release|x64 = Release|x64
		Release|x86 = Release|x86
	EndGlobalSection
	GlobalSection(ProjectConfigurationPlatforms) = postSolution
		{03A8BD10-3B2A-4A82-82A7-0A3069C85809}.Debug|x64.ActiveCfg = Debug|x64
		{03A8BD10-3B2A-4A82-82A7-0A3069C85809}.Debug|x64.Build.0 = Debug|x64
		{03A8BD10-3B2A-4A82-82A7-0A3069C85809}.Debug|x86.ActiveCfg = Debug|Win32
		{03A8BD10-3B2A-4A82-82A7-0A3069C85809}.Debug|x86.Build.0 = Debug|Win32
		{03A8BD10-3B2A-4A82-82A7-0A3069C85809}.Release|x64.ActiveCfg = Release|x64
		{03A8BD10-3B2A-4A82-82A7-0A3069C85809}.Release|x64.Build.0 = Release|x64
		{03A8BD10-3B2A-4A82-82A7-0A3069C85809}.Release|x86.ActiveCfg = Release|Win32
		{03A8BD10-3B2A-4A82-82A7-0A3069C85809}.Release|x86.Build.0 = Release|Win32
	EndGlobalSection
	GlobalSection(SolutionProperties) = preSolution
		HideSolutionNode = FALSE
	EndGlobalSection
	GlobalSection(ExtensibilityGlobals) = postSolution
		SolutionGuid = {92BCD0A0-DCBA-45F9-9621-FECDB734B1C1}
	EndGlobalSection
EndGlobal
