
Microsoft Visual Studio Solution File, Format Version 12.00
# Visual Studio 15
VisualStudioVersion = 15.0.27703.2042
MinimumVisualStudioVersion = 10.0.40219.1
Project("{8BC9CEB8-8B4A-11D0-8D11-00A0C91BC942}") = "Exp_06", "Exp_06\Exp_06.vcxproj", "{44328228-FDA4-4209-8447-57DE42E00F66}"
EndProject
Global
	GlobalSection(SolutionConfigurationPlatforms) = preSolution
		Debug|x64 = Debug|x64
		Debug|x86 = Debug|x86
		Release|x64 = Release|x64
		Release|x86 = Release|x86
	EndGlobalSection
	GlobalSection(ProjectConfigurationPlatforms) = postSolution
		{44328228-FDA4-4209-8447-57DE42E00F66}.Debug|x64.ActiveCfg = Debug|x64
		{44328228-FDA4-4209-8447-57DE42E00F66}.Debug|x64.Build.0 = Debug|x64
		{44328228-FDA4-4209-8447-57DE42E00F66}.Debug|x86.ActiveCfg = Debug|Win32
		{44328228-FDA4-4209-8447-57DE42E00F66}.Debug|x86.Build.0 = Debug|Win32
		{44328228-FDA4-4209-8447-57DE42E00F66}.Release|x64.ActiveCfg = Release|x64
		{44328228-FDA4-4209-8447-57DE42E00F66}.Release|x64.Build.0 = Release|x64
		{44328228-FDA4-4209-8447-57DE42E00F66}.Release|x86.ActiveCfg = Release|Win32
		{44328228-FDA4-4209-8447-57DE42E00F66}.Release|x86.Build.0 = Release|Win32
	EndGlobalSection
	GlobalSection(SolutionProperties) = preSolution
		HideSolutionNode = FALSE
	EndGlobalSection
	GlobalSection(ExtensibilityGlobals) = postSolution
		SolutionGuid = {3194BFE2-FF31-41BE-ADBE-80459B520A28}
	EndGlobalSection
EndGlobal
